
Microsoft Visual Studio Solution File, Format Version 12.00
# Visual Studio Version 16
VisualStudioVersion = 16.0.31105.61
MinimumVisualStudioVersion = 10.0.40219.1
Project("{9A19103F-16F7-4668-BE54-9A1E7A4F7556}") = "Datentypen", "Datentypen\Datentypen.csproj", "{AB147832-D4D0-4004-9783-A8A43848A702}"
EndProject
Project("{FAE04EC0-301F-11D3-BF4B-00C04F79EFBC}") = "Kontrollstrukturen", "Kontrollstrukturen\Kontrollstrukturen.csproj", "{A845FCBD-9C8B-4E28-AA5F-8EE2FEA15D53}"
EndProject
Project("{FAE04EC0-301F-11D3-BF4B-00C04F79EFBC}") = "KaffeeMaschine", "KaffeeMaschine\KaffeeMaschine.csproj", "{6A2237B1-9B51-47C2-9266-F990CFB5408E}"
EndProject
Global
	GlobalSection(SolutionConfigurationPlatforms) = preSolution
		Debug|Any CPU = Debug|Any CPU
		Release|Any CPU = Release|Any CPU
	EndGlobalSection
	GlobalSection(ProjectConfigurationPlatforms) = postSolution
		{AB147832-D4D0-4004-9783-A8A43848A702}.Debug|Any CPU.ActiveCfg = Debug|Any CPU
		{AB147832-D4D0-4004-9783-A8A43848A702}.Debug|Any CPU.Build.0 = Debug|Any CPU
		{AB147832-D4D0-4004-9783-A8A43848A702}.Release|Any CPU.ActiveCfg = Release|Any CPU
		{AB147832-D4D0-4004-9783-A8A43848A702}.Release|Any CPU.Build.0 = Release|Any CPU
		{A845FCBD-9C8B-4E28-AA5F-8EE2FEA15D53}.Debug|Any CPU.ActiveCfg = Debug|Any CPU
		{A845FCBD-9C8B-4E28-AA5F-8EE2FEA15D53}.Debug|Any CPU.Build.0 = Debug|Any CPU
		{A845FCBD-9C8B-4E28-AA5F-8EE2FEA15D53}.Release|Any CPU.ActiveCfg = Release|Any CPU
		{A845FCBD-9C8B-4E28-AA5F-8EE2FEA15D53}.Release|Any CPU.Build.0 = Release|Any CPU
		{6A2237B1-9B51-47C2-9266-F990CFB5408E}.Debug|Any CPU.ActiveCfg = Debug|Any CPU
		{6A2237B1-9B51-47C2-9266-F990CFB5408E}.Debug|Any CPU.Build.0 = Debug|Any CPU
		{6A2237B1-9B51-47C2-9266-F990CFB5408E}.Release|Any CPU.ActiveCfg = Release|Any CPU
		{6A2237B1-9B51-47C2-9266-F990CFB5408E}.Release|Any CPU.Build.0 = Release|Any CPU
	EndGlobalSection
	GlobalSection(SolutionProperties) = preSolution
		HideSolutionNode = FALSE
	EndGlobalSection
	GlobalSection(ExtensibilityGlobals) = postSolution
		SolutionGuid = {FAFE9C84-52B4-45C0-80DA-375726A8CC06}
	EndGlobalSection
EndGlobal
